
Microsoft Visual Studio Solution File, Format Version 12.00
# Visual Studio 15
VisualStudioVersion = 15.0.28307.1169
MinimumVisualStudioVersion = 10.0.40219.1
Project("{FAE04EC0-301F-11D3-BF4B-00C04F79EFBC}") = "bai1", "bai1\bai1.csproj", "{155C955C-871D-4659-8A65-34D2FD5F8F0B}"
EndProject
Global
	GlobalSection(SolutionConfigurationPlatforms) = preSolution
		Debug|Any CPU = Debug|Any CPU
		Release|Any CPU = Release|Any CPU
	EndGlobalSection
	GlobalSection(ProjectConfigurationPlatforms) = postSolution
		{155C955C-871D-4659-8A65-34D2FD5F8F0B}.Debug|Any CPU.ActiveCfg = Debug|Any CPU
		{155C955C-871D-4659-8A65-34D2FD5F8F0B}.Debug|Any CPU.Build.0 = Debug|Any CPU
		{155C955C-871D-4659-8A65-34D2FD5F8F0B}.Release|Any CPU.ActiveCfg = Release|Any CPU
		{155C955C-871D-4659-8A65-34D2FD5F8F0B}.Release|Any CPU.Build.0 = Release|Any CPU
	EndGlobalSection
	GlobalSection(SolutionProperties) = preSolution
		HideSolutionNode = FALSE
	EndGlobalSection
	GlobalSection(ExtensibilityGlobals) = postSolution
		SolutionGuid = {0B55C4DA-A471-4C4C-A8D4-CF90B2CFFAD7}
	EndGlobalSection
EndGlobal
